// !$*UTF8*$!
{
	archiveVersion = 1;
	classes = {
	};
	objectVersion = 56;
	objects = {

/* Begin PBXBuildFile section */
		A005511129BFE0D400D4D5F4 /* UberSwiftUIApp.swift in Sources */ = {isa = PBXBuildFile; fileRef = A005511029BFE0D400D4D5F4 /* UberSwiftUIApp.swift */; };
		A005511529BFE0D600D4D5F4 /* Assets.xcassets in Resources */ = {isa = PBXBuildFile; fileRef = A005511429BFE0D600D4D5F4 /* Assets.xcassets */; };
		A005511829BFE0D600D4D5F4 /* Preview Assets.xcassets in Resources */ = {isa = PBXBuildFile; fileRef = A005511729BFE0D600D4D5F4 /* Preview Assets.xcassets */; };
		A005512729BFE5D300D4D5F4 /* HomeView.swift in Sources */ = {isa = PBXBuildFile; fileRef = A005512629BFE5D300D4D5F4 /* HomeView.swift */; };
		A005512929BFE62800D4D5F4 /* UberMapViewRepresentable.swift in Sources */ = {isa = PBXBuildFile; fileRef = A005512829BFE62800D4D5F4 /* UberMapViewRepresentable.swift */; };
		A005512B29BFE76A00D4D5F4 /* LocationManager.swift in Sources */ = {isa = PBXBuildFile; fileRef = A005512A29BFE76A00D4D5F4 /* LocationManager.swift */; };
		A005513129C2707D00D4D5F4 /* LocationSearchActivationView.swift in Sources */ = {isa = PBXBuildFile; fileRef = A005513029C2707D00D4D5F4 /* LocationSearchActivationView.swift */; };
		A005513329C271A300D4D5F4 /* MapViewActionButton.swift in Sources */ = {isa = PBXBuildFile; fileRef = A005513229C271A300D4D5F4 /* MapViewActionButton.swift */; };
		A005513529C273A000D4D5F4 /* LocationSearchView.swift in Sources */ = {isa = PBXBuildFile; fileRef = A005513429C273A000D4D5F4 /* LocationSearchView.swift */; };
		A005513729C275F700D4D5F4 /* LocationSearchResultCell.swift in Sources */ = {isa = PBXBuildFile; fileRef = A005513629C275F700D4D5F4 /* LocationSearchResultCell.swift */; };
/* End PBXBuildFile section */

/* Begin PBXFileReference section */
		A005510D29BFE0D400D4D5F4 /* UberSwiftUI.app */ = {isa = PBXFileReference; explicitFileType = wrapper.application; includeInIndex = 0; path = UberSwiftUI.app; sourceTree = BUILT_PRODUCTS_DIR; };
		A005511029BFE0D400D4D5F4 /* UberSwiftUIApp.swift */ = {isa = PBXFileReference; lastKnownFileType = sourcecode.swift; path = UberSwiftUIApp.swift; sourceTree = "<group>"; };
		A005511429BFE0D600D4D5F4 /* Assets.xcassets */ = {isa = PBXFileReference; lastKnownFileType = folder.assetcatalog; path = Assets.xcassets; sourceTree = "<group>"; };
		A005511729BFE0D600D4D5F4 /* Preview Assets.xcassets */ = {isa = PBXFileReference; lastKnownFileType = folder.assetcatalog; path = "Preview Assets.xcassets"; sourceTree = "<group>"; };
		A005512629BFE5D300D4D5F4 /* HomeView.swift */ = {isa = PBXFileReference; lastKnownFileType = sourcecode.swift; path = HomeView.swift; sourceTree = "<group>"; };
		A005512829BFE62800D4D5F4 /* UberMapViewRepresentable.swift */ = {isa = PBXFileReference; lastKnownFileType = sourcecode.swift; path = UberMapViewRepresentable.swift; sourceTree = "<group>"; };
		A005512A29BFE76A00D4D5F4 /* LocationManager.swift */ = {isa = PBXFileReference; lastKnownFileType = sourcecode.swift; path = LocationManager.swift; sourceTree = "<group>"; };
		A005513029C2707D00D4D5F4 /* LocationSearchActivationView.swift */ = {isa = PBXFileReference; lastKnownFileType = sourcecode.swift; path = LocationSearchActivationView.swift; sourceTree = "<group>"; };
		A005513229C271A300D4D5F4 /* MapViewActionButton.swift */ = {isa = PBXFileReference; lastKnownFileType = sourcecode.swift; path = MapViewActionButton.swift; sourceTree = "<group>"; };
		A005513429C273A000D4D5F4 /* LocationSearchView.swift */ = {isa = PBXFileReference; lastKnownFileType = sourcecode.swift; path = LocationSearchView.swift; sourceTree = "<group>"; };
		A005513629C275F700D4D5F4 /* LocationSearchResultCell.swift */ = {isa = PBXFileReference; lastKnownFileType = sourcecode.swift; path = LocationSearchResultCell.swift; sourceTree = "<group>"; };
/* End PBXFileReference section */

/* Begin PBXFrameworksBuildPhase section */
		A005510A29BFE0D400D4D5F4 /* Frameworks */ = {
			isa = PBXFrameworksBuildPhase;
			buildActionMask = 2147483647;
			files = (
			);
			runOnlyForDeploymentPostprocessing = 0;
		};
/* End PBXFrameworksBuildPhase section */

/* Begin PBXGroup section */
		A005510429BFE0D400D4D5F4 = {
			isa = PBXGroup;
			children = (
				A005510F29BFE0D400D4D5F4 /* UberSwiftUI */,
				A005510E29BFE0D400D4D5F4 /* Products */,
			);
			sourceTree = "<group>";
		};
		A005510E29BFE0D400D4D5F4 /* Products */ = {
			isa = PBXGroup;
			children = (
				A005510D29BFE0D400D4D5F4 /* UberSwiftUI.app */,
			);
			name = Products;
			sourceTree = "<group>";
		};
		A005510F29BFE0D400D4D5F4 /* UberSwiftUI */ = {
			isa = PBXGroup;
			children = (
				A005512329BFE58600D4D5F4 /* Models */,
				A005512229BFE58000D4D5F4 /* Managers */,
				A005512129BFE57C00D4D5F4 /* Extensions */,
				A005512029BFE57900D4D5F4 /* Core */,
				A005511E29BFE56E00D4D5F4 /* App */,
				A005511429BFE0D600D4D5F4 /* Assets.xcassets */,
				A005511629BFE0D600D4D5F4 /* Preview Content */,
			);
			path = UberSwiftUI;
			sourceTree = "<group>";
		};
		A005511629BFE0D600D4D5F4 /* Preview Content */ = {
			isa = PBXGroup;
			children = (
				A005511729BFE0D600D4D5F4 /* Preview Assets.xcassets */,
			);
			path = "Preview Content";
			sourceTree = "<group>";
		};
		A005511E29BFE56E00D4D5F4 /* App */ = {
			isa = PBXGroup;
			children = (
				A005511029BFE0D400D4D5F4 /* UberSwiftUIApp.swift */,
			);
			path = App;
			sourceTree = "<group>";
		};
		A005512029BFE57900D4D5F4 /* Core */ = {
			isa = PBXGroup;
			children = (
				A005512D29C2705C00D4D5F4 /* LocationSearch */,
				A005512C29C2704300D4D5F4 /* Home */,
			);
			path = Core;
			sourceTree = "<group>";
		};
		A005512129BFE57C00D4D5F4 /* Extensions */ = {
			isa = PBXGroup;
			children = (
			);
			path = Extensions;
			sourceTree = "<group>";
		};
		A005512229BFE58000D4D5F4 /* Managers */ = {
			isa = PBXGroup;
			children = (
				A005512A29BFE76A00D4D5F4 /* LocationManager.swift */,
			);
			path = Managers;
			sourceTree = "<group>";
		};
		A005512329BFE58600D4D5F4 /* Models */ = {
			isa = PBXGroup;
			children = (
			);
			path = Models;
			sourceTree = "<group>";
		};
		A005512429BFE5C100D4D5F4 /* ViewModel */ = {
			isa = PBXGroup;
			children = (
			);
			path = ViewModel;
			sourceTree = "<group>";
		};
		A005512529BFE5C600D4D5F4 /* Views */ = {
			isa = PBXGroup;
			children = (
				A005512629BFE5D300D4D5F4 /* HomeView.swift */,
				A005512829BFE62800D4D5F4 /* UberMapViewRepresentable.swift */,
				A005513229C271A300D4D5F4 /* MapViewActionButton.swift */,
			);
			path = Views;
			sourceTree = "<group>";
		};
		A005512C29C2704300D4D5F4 /* Home */ = {
			isa = PBXGroup;
			children = (
				A005512529BFE5C600D4D5F4 /* Views */,
				A005512429BFE5C100D4D5F4 /* ViewModel */,
			);
			path = Home;
			sourceTree = "<group>";
		};
		A005512D29C2705C00D4D5F4 /* LocationSearch */ = {
			isa = PBXGroup;
			children = (
				A005512F29C2706A00D4D5F4 /* ViewModel */,
				A005512E29C2706500D4D5F4 /* Views */,
			);
			path = LocationSearch;
			sourceTree = "<group>";
		};
		A005512E29C2706500D4D5F4 /* Views */ = {
			isa = PBXGroup;
			children = (
				A005513029C2707D00D4D5F4 /* LocationSearchActivationView.swift */,
				A005513429C273A000D4D5F4 /* LocationSearchView.swift */,
				A005513629C275F700D4D5F4 /* LocationSearchResultCell.swift */,
			);
			path = Views;
			sourceTree = "<group>";
		};
		A005512F29C2706A00D4D5F4 /* ViewModel */ = {
			isa = PBXGroup;
			children = (
			);
			path = ViewModel;
			sourceTree = "<group>";
		};
/* End PBXGroup section */

/* Begin PBXNativeTarget section */
		A005510C29BFE0D400D4D5F4 /* UberSwiftUI */ = {
			isa = PBXNativeTarget;
			buildConfigurationList = A005511B29BFE0D600D4D5F4 /* Build configuration list for PBXNativeTarget "UberSwiftUI" */;
			buildPhases = (
				A005510929BFE0D400D4D5F4 /* Sources */,
				A005510A29BFE0D400D4D5F4 /* Frameworks */,
				A005510B29BFE0D400D4D5F4 /* Resources */,
			);
			buildRules = (
			);
			dependencies = (
			);
			name = UberSwiftUI;
			productName = UberSwiftUI;
			productReference = A005510D29BFE0D400D4D5F4 /* UberSwiftUI.app */;
			productType = "com.apple.product-type.application";
		};
/* End PBXNativeTarget section */

/* Begin PBXProject section */
		A005510529BFE0D400D4D5F4 /* Project object */ = {
			isa = PBXProject;
			attributes = {
				BuildIndependentTargetsInParallel = 1;
				LastSwiftUpdateCheck = 1420;
				LastUpgradeCheck = 1420;
				TargetAttributes = {
					A005510C29BFE0D400D4D5F4 = {
						CreatedOnToolsVersion = 14.2;
					};
				};
			};
			buildConfigurationList = A005510829BFE0D400D4D5F4 /* Build configuration list for PBXProject "UberSwiftUI" */;
			compatibilityVersion = "Xcode 14.0";
			developmentRegion = en;
			hasScannedForEncodings = 0;
			knownRegions = (
				en,
				Base,
			);
			mainGroup = A005510429BFE0D400D4D5F4;
			productRefGroup = A005510E29BFE0D400D4D5F4 /* Products */;
			projectDirPath = "";
			projectRoot = "";
			targets = (
				A005510C29BFE0D400D4D5F4 /* UberSwiftUI */,
			);
		};
/* End PBXProject section */

/* Begin PBXResourcesBuildPhase section */
		A005510B29BFE0D400D4D5F4 /* Resources */ = {
			isa = PBXResourcesBuildPhase;
			buildActionMask = 2147483647;
			files = (
				A005511829BFE0D600D4D5F4 /* Preview Assets.xcassets in Resources */,
				A005511529BFE0D600D4D5F4 /* Assets.xcassets in Resources */,
			);
			runOnlyForDeploymentPostprocessing = 0;
		};
/* End PBXResourcesBuildPhase section */

/* Begin PBXSourcesBuildPhase section */
		A005510929BFE0D400D4D5F4 /* Sources */ = {
			isa = PBXSourcesBuildPhase;
			buildActionMask = 2147483647;
			files = (
				A005513529C273A000D4D5F4 /* LocationSearchView.swift in Sources */,
				A005512B29BFE76A00D4D5F4 /* LocationManager.swift in Sources */,
				A005513329C271A300D4D5F4 /* MapViewActionButton.swift in Sources */,
				A005511129BFE0D400D4D5F4 /* UberSwiftUIApp.swift in Sources */,
				A005512929BFE62800D4D5F4 /* UberMapViewRepresentable.swift in Sources */,
				A005512729BFE5D300D4D5F4 /* HomeView.swift in Sources */,
				A005513129C2707D00D4D5F4 /* LocationSearchActivationView.swift in Sources */,
				A005513729C275F700D4D5F4 /* LocationSearchResultCell.swift in Sources */,
			);
			runOnlyForDeploymentPostprocessing = 0;
		};
/* End PBXSourcesBuildPhase section */

/* Begin XCBuildConfiguration section */
		A005511929BFE0D600D4D5F4 /* Debug */ = {
			isa = XCBuildConfiguration;
			buildSettings = {
				ALWAYS_SEARCH_USER_PATHS = NO;
				CLANG_ANALYZER_NONNULL = YES;
				CLANG_ANALYZER_NUMBER_OBJECT_CONVERSION = YES_AGGRESSIVE;
				CLANG_CXX_LANGUAGE_STANDARD = "gnu++20";
				CLANG_ENABLE_MODULES = YES;
				CLANG_ENABLE_OBJC_ARC = YES;
				CLANG_ENABLE_OBJC_WEAK = YES;
				CLANG_WARN_BLOCK_CAPTURE_AUTORELEASING = YES;
				CLANG_WARN_BOOL_CONVERSION = YES;
				CLANG_WARN_COMMA = YES;
				CLANG_WARN_CONSTANT_CONVERSION = YES;
				CLANG_WARN_DEPRECATED_OBJC_IMPLEMENTATIONS = YES;
				CLANG_WARN_DIRECT_OBJC_ISA_USAGE = YES_ERROR;
				CLANG_WARN_DOCUMENTATION_COMMENTS = YES;
				CLANG_WARN_EMPTY_BODY = YES;
				CLANG_WARN_ENUM_CONVERSION = YES;
				CLANG_WARN_INFINITE_RECURSION = YES;
				CLANG_WARN_INT_CONVERSION = YES;
				CLANG_WARN_NON_LITERAL_NULL_CONVERSION = YES;
				CLANG_WARN_OBJC_IMPLICIT_RETAIN_SELF = YES;
				CLANG_WARN_OBJC_LITERAL_CONVERSION = YES;
				CLANG_WARN_OBJC_ROOT_CLASS = YES_ERROR;
				CLANG_WARN_QUOTED_INCLUDE_IN_FRAMEWORK_HEADER = YES;
				CLANG_WARN_RANGE_LOOP_ANALYSIS = YES;
				CLANG_WARN_STRICT_PROTOTYPES = YES;
				CLANG_WARN_SUSPICIOUS_MOVE = YES;
				CLANG_WARN_UNGUARDED_AVAILABILITY = YES_AGGRESSIVE;
				CLANG_WARN_UNREACHABLE_CODE = YES;
				CLANG_WARN__DUPLICATE_METHOD_MATCH = YES;
				COPY_PHASE_STRIP = NO;
				DEBUG_INFORMATION_FORMAT = dwarf;
				ENABLE_STRICT_OBJC_MSGSEND = YES;
				ENABLE_TESTABILITY = YES;
				GCC_C_LANGUAGE_STANDARD = gnu11;
				GCC_DYNAMIC_NO_PIC = NO;
				GCC_NO_COMMON_BLOCKS = YES;
				GCC_OPTIMIZATION_LEVEL = 0;
				GCC_PREPROCESSOR_DEFINITIONS = (
					"DEBUG=1",
					"$(inherited)",
				);
				GCC_WARN_64_TO_32_BIT_CONVERSION = YES;
				GCC_WARN_ABOUT_RETURN_TYPE = YES_ERROR;
				GCC_WARN_UNDECLARED_SELECTOR = YES;
				GCC_WARN_UNINITIALIZED_AUTOS = YES_AGGRESSIVE;
				GCC_WARN_UNUSED_FUNCTION = YES;
				GCC_WARN_UNUSED_VARIABLE = YES;
				IPHONEOS_DEPLOYMENT_TARGET = 16.2;
				MTL_ENABLE_DEBUG_INFO = INCLUDE_SOURCE;
				MTL_FAST_MATH = YES;
				ONLY_ACTIVE_ARCH = YES;
				SDKROOT = iphoneos;
				SWIFT_ACTIVE_COMPILATION_CONDITIONS = DEBUG;
				SWIFT_OPTIMIZATION_LEVEL = "-Onone";
			};
			name = Debug;
		};
		A005511A29BFE0D600D4D5F4 /* Release */ = {
			isa = XCBuildConfiguration;
			buildSettings = {
				ALWAYS_SEARCH_USER_PATHS = NO;
				CLANG_ANALYZER_NONNULL = YES;
				CLANG_ANALYZER_NUMBER_OBJECT_CONVERSION = YES_AGGRESSIVE;
				CLANG_CXX_LANGUAGE_STANDARD = "gnu++20";
				CLANG_ENABLE_MODULES = YES;
				CLANG_ENABLE_OBJC_ARC = YES;
				CLANG_ENABLE_OBJC_WEAK = YES;
				CLANG_WARN_BLOCK_CAPTURE_AUTORELEASING = YES;
				CLANG_WARN_BOOL_CONVERSION = YES;
				CLANG_WARN_COMMA = YES;
				CLANG_WARN_CONSTANT_CONVERSION = YES;
				CLANG_WARN_DEPRECATED_OBJC_IMPLEMENTATIONS = YES;
				CLANG_WARN_DIRECT_OBJC_ISA_USAGE = YES_ERROR;
				CLANG_WARN_DOCUMENTATION_COMMENTS = YES;
				CLANG_WARN_EMPTY_BODY = YES;
				CLANG_WARN_ENUM_CONVERSION = YES;
				CLANG_WARN_INFINITE_RECURSION = YES;
				CLANG_WARN_INT_CONVERSION = YES;
				CLANG_WARN_NON_LITERAL_NULL_CONVERSION = YES;
				CLANG_WARN_OBJC_IMPLICIT_RETAIN_SELF = YES;
				CLANG_WARN_OBJC_LITERAL_CONVERSION = YES;
				CLANG_WARN_OBJC_ROOT_CLASS = YES_ERROR;
				CLANG_WARN_QUOTED_INCLUDE_IN_FRAMEWORK_HEADER = YES;
				CLANG_WARN_RANGE_LOOP_ANALYSIS = YES;
				CLANG_WARN_STRICT_PROTOTYPES = YES;
				CLANG_WARN_SUSPICIOUS_MOVE = YES;
				CLANG_WARN_UNGUARDED_AVAILABILITY = YES_AGGRESSIVE;
				CLANG_WARN_UNREACHABLE_CODE = YES;
				CLANG_WARN__DUPLICATE_METHOD_MATCH = YES;
				COPY_PHASE_STRIP = NO;
				DEBUG_INFORMATION_FORMAT = "dwarf-with-dsym";
				ENABLE_NS_ASSERTIONS = NO;
				ENABLE_STRICT_OBJC_MSGSEND = YES;
				GCC_C_LANGUAGE_STANDARD = gnu11;
				GCC_NO_COMMON_BLOCKS = YES;
				GCC_WARN_64_TO_32_BIT_CONVERSION = YES;
				GCC_WARN_ABOUT_RETURN_TYPE = YES_ERROR;
				GCC_WARN_UNDECLARED_SELECTOR = YES;
				GCC_WARN_UNINITIALIZED_AUTOS = YES_AGGRESSIVE;
				GCC_WARN_UNUSED_FUNCTION = YES;
				GCC_WARN_UNUSED_VARIABLE = YES;
				IPHONEOS_DEPLOYMENT_TARGET = 16.2;
				MTL_ENABLE_DEBUG_INFO = NO;
				MTL_FAST_MATH = YES;
				SDKROOT = iphoneos;
				SWIFT_COMPILATION_MODE = wholemodule;
				SWIFT_OPTIMIZATION_LEVEL = "-O";
				VALIDATE_PRODUCT = YES;
			};
			name = Release;
		};
		A005511C29BFE0D600D4D5F4 /* Debug */ = {
			isa = XCBuildConfiguration;
			buildSettings = {
				ASSETCATALOG_COMPILER_APPICON_NAME = AppIcon;
				ASSETCATALOG_COMPILER_GLOBAL_ACCENT_COLOR_NAME = AccentColor;
				CODE_SIGN_STYLE = Automatic;
				CURRENT_PROJECT_VERSION = 1;
				DEVELOPMENT_ASSET_PATHS = "\"UberSwiftUI/Preview Content\"";
				DEVELOPMENT_TEAM = 68KQTL44VS;
				ENABLE_PREVIEWS = YES;
				GENERATE_INFOPLIST_FILE = YES;
				INFOPLIST_KEY_NSLocationWhenInUseUsageDescription = "Please allow us to access your location.";
				INFOPLIST_KEY_UIApplicationSceneManifest_Generation = YES;
				INFOPLIST_KEY_UIApplicationSupportsIndirectInputEvents = YES;
				INFOPLIST_KEY_UILaunchScreen_Generation = YES;
				INFOPLIST_KEY_UISupportedInterfaceOrientations_iPad = "UIInterfaceOrientationPortrait UIInterfaceOrientationPortraitUpsideDown UIInterfaceOrientationLandscapeLeft UIInterfaceOrientationLandscapeRight";
				INFOPLIST_KEY_UISupportedInterfaceOrientations_iPhone = "UIInterfaceOrientationPortrait UIInterfaceOrientationLandscapeLeft UIInterfaceOrientationLandscapeRight";
				LD_RUNPATH_SEARCH_PATHS = (
					"$(inherited)",
					"@executable_path/Frameworks",
				);
				MARKETING_VERSION = 1.0;
				PRODUCT_BUNDLE_IDENTIFIER = com.denizataes.UberSwiftUI;
				PRODUCT_NAME = "$(TARGET_NAME)";
				SWIFT_EMIT_LOC_STRINGS = YES;
				SWIFT_VERSION = 5.0;
				TARGETED_DEVICE_FAMILY = "1,2";
			};
			name = Debug;
		};
		A005511D29BFE0D600D4D5F4 /* Release */ = {
			isa = XCBuildConfiguration;
			buildSettings = {
				ASSETCATALOG_COMPILER_APPICON_NAME = AppIcon;
				ASSETCATALOG_COMPILER_GLOBAL_ACCENT_COLOR_NAME = AccentColor;
				CODE_SIGN_STYLE = Automatic;
				CURRENT_PROJECT_VERSION = 1;
				DEVELOPMENT_ASSET_PATHS = "\"UberSwiftUI/Preview Content\"";
				DEVELOPMENT_TEAM = 68KQTL44VS;
				ENABLE_PREVIEWS = YES;
				GENERATE_INFOPLIST_FILE = YES;
				INFOPLIST_KEY_NSLocationWhenInUseUsageDescription = "Please allow us to access your location.";
				INFOPLIST_KEY_UIApplicationSceneManifest_Generation = YES;
				INFOPLIST_KEY_UIApplicationSupportsIndirectInputEvents = YES;
				INFOPLIST_KEY_UILaunchScreen_Generation = YES;
				INFOPLIST_KEY_UISupportedInterfaceOrientations_iPad = "UIInterfaceOrientationPortrait UIInterfaceOrientationPortraitUpsideDown UIInterfaceOrientationLandscapeLeft UIInterfaceOrientationLandscapeRight";
				INFOPLIST_KEY_UISupportedInterfaceOrientations_iPhone = "UIInterfaceOrientationPortrait UIInterfaceOrientationLandscapeLeft UIInterfaceOrientationLandscapeRight";
				LD_RUNPATH_SEARCH_PATHS = (
					"$(inherited)",
					"@executable_path/Frameworks",
				);
				MARKETING_VERSION = 1.0;
				PRODUCT_BUNDLE_IDENTIFIER = com.denizataes.UberSwiftUI;
				PRODUCT_NAME = "$(TARGET_NAME)";
				SWIFT_EMIT_LOC_STRINGS = YES;
				SWIFT_VERSION = 5.0;
				TARGETED_DEVICE_FAMILY = "1,2";
			};
			name = Release;
		};
/* End XCBuildConfiguration section */

/* Begin XCConfigurationList section */
		A005510829BFE0D400D4D5F4 /* Build configuration list for PBXProject "UberSwiftUI" */ = {
			isa = XCConfigurationList;
			buildConfigurations = (
				A005511929BFE0D600D4D5F4 /* Debug */,
				A005511A29BFE0D600D4D5F4 /* Release */,
			);
			defaultConfigurationIsVisible = 0;
			defaultConfigurationName = Release;
		};
		A005511B29BFE0D600D4D5F4 /* Build configuration list for PBXNativeTarget "UberSwiftUI" */ = {
			isa = XCConfigurationList;
			buildConfigurations = (
				A005511C29BFE0D600D4D5F4 /* Debug */,
				A005511D29BFE0D600D4D5F4 /* Release */,
			);
			defaultConfigurationIsVisible = 0;
			defaultConfigurationName = Release;
		};
/* End XCConfigurationList section */
	};
	rootObject = A005510529BFE0D400D4D5F4 /* Project object */;
}
